<?xml version="1.0" encoding="utf-8"?>
<Project ToolsVersion="4.0" xmlns="http://schemas.microsoft.com/developer/msbuild/2003">
  <ItemGroup>
    <Filter Include="Source Files">
      <UniqueIdentifier>{4FC737F1-C7A5-4376-A066-2A32D752A2FF}</UniqueIdentifier>
      <Extensions>cpp;c;cc;cxx;def;odl;idl;hpj;bat;asm;asmx</Extensions>
    </Filter>
    <Filter Include="Header Files">
      <UniqueIdentifier>{93995380-89BD-4b04-88EB-625FBE52EBFB}</UniqueIdentifier>
      <Extensions>h;hh;hpp;hxx;hm;inl;inc;xsd</Extensions>
    </Filter>
    <Filter Include="utility">
      <UniqueIdentifier>{f11c5bc4-8fd0-45d4-ad88-61906dddc0cb}</UniqueIdentifier>
    </Filter>
    <Filter Include="module_RoiExtraction">
      <UniqueIdentifier>{934a9fa3-02c1-4232-8772-e99c24116533}</UniqueIdentifier>
    </Filter>
    <Filter Include="module_Preprocessing">
      <UniqueIdentifier>{7d19d69f-5450-4270-a920-cb55c5a9505a}</UniqueIdentifier>
    </Filter>
    <Filter Include="module_PalmImageReader">
      <UniqueIdentifier>{4ddcae7c-4b2a-46eb-87e3-987c1f3b77a0}</UniqueIdentifier>
    </Filter>
    <Filter Include="module_FeatureExtraction">
      <UniqueIdentifier>{6e859dd5-3bf0-4033-aec5-8e9c5da57b9e}</UniqueIdentifier>
    </Filter>
    <Filter Include="module_DatabaseAdapter">
      <UniqueIdentifier>{cc650df2-525f-42f9-b10a-0a3ff6858b27}</UniqueIdentifier>
    </Filter>
    <Filter Include="logger">
      <UniqueIdentifier>{8f0bee58-33ca-4c08-9566-3513bb9655f2}</UniqueIdentifier>
    </Filter>
    <Filter Include="json">
      <UniqueIdentifier>{63b17f5d-a413-4389-8688-a9defef938ac}</UniqueIdentifier>
    </Filter>
    <Filter Include="module_Matcher">
      <UniqueIdentifier>{0a4d5cc0-7d3c-49b4-a2d7-a817781e8857}</UniqueIdentifier>
    </Filter>
  </ItemGroup>
  <ItemGroup>
    <ClCompile Include="main.cpp">
      <Filter>Source Files</Filter>
    </ClCompile>
    <ClCompile Include="module_RoiExtraction\SquareRoiExtraction.cpp">
      <Filter>module_RoiExtraction</Filter>
    </ClCompile>
    <ClCompile Include="utility\Histogram.cpp">
      <Filter>utility</Filter>
    </ClCompile>
    <ClCompile Include="utility\MorphologicalOperation.cpp">
      <Filter>utility</Filter>
    </ClCompile>
    <ClCompile Include="utility\BoundaryTracking.cpp">
      <Filter>utility</Filter>
    </ClCompile>
    <ClCompile Include="module_RoiExtraction\RegionGrowing.cpp">
      <Filter>module_RoiExtraction</Filter>
    </ClCompile>
    <ClCompile Include="module_PalmImageReader\PalmReaderEnrollment.cpp">
      <Filter>module_PalmImageReader</Filter>
    </ClCompile>
    <ClCompile Include="module_PalmImageReader\PalmReaderMatching.cpp">
      <Filter>module_PalmImageReader</Filter>
    </ClCompile>
    <ClCompile Include="module_Preprocessing\Preprocessing.cpp">
      <Filter>module_Preprocessing</Filter>
    </ClCompile>
    <ClCompile Include="module_FeatureExtraction\PrincipalLineExtraction.cpp">
      <Filter>module_FeatureExtraction</Filter>
    </ClCompile>
    <ClCompile Include="module_FeatureExtraction\PrincipalLineFeature.cpp">
      <Filter>module_FeatureExtraction</Filter>
    </ClCompile>
    <ClCompile Include="utility\Thinning.cpp">
      <Filter>utility</Filter>
    </ClCompile>
    <ClCompile Include="module_DatabaseAdapter\DbAdapter.cpp">
      <Filter>module_DatabaseAdapter</Filter>
    </ClCompile>
    <ClCompile Include="logger\Logger.cpp">
      <Filter>logger</Filter>
    </ClCompile>
    <ClCompile Include="json\json11.cpp">
      <Filter>json</Filter>
    </ClCompile>
    <ClCompile Include="module_RoiExtraction\OtsuTresholding.cpp">
      <Filter>module_RoiExtraction</Filter>
    </ClCompile>
    <ClCompile Include="module_Matcher\PrincipalLineMatcher.cpp">
      <Filter>module_Matcher</Filter>
    </ClCompile>
    <ClCompile Include="module_FeatureExtraction\TextureExtraction.cpp">
      <Filter>module_FeatureExtraction</Filter>
    </ClCompile>
    <ClCompile Include="module_FeatureExtraction\TextureFeature.cpp">
      <Filter>module_FeatureExtraction</Filter>
    </ClCompile>
    <ClCompile Include="module_Matcher\TextureMatcher.cpp">
      <Filter>module_Matcher</Filter>
    </ClCompile>
  </ItemGroup>
  <ItemGroup>
    <ClInclude Include="utility\PPAException.h">
      <Filter>utility</Filter>
    </ClInclude>
    <ClInclude Include="module_RoiExtraction\IRoiExtraction.h">
      <Filter>module_RoiExtraction</Filter>
    </ClInclude>
    <ClInclude Include="module_RoiExtraction\SquareRoiExtraction.h">
      <Filter>module_RoiExtraction</Filter>
    </ClInclude>
    <ClInclude Include="utility\Histogram.h">
      <Filter>utility</Filter>
    </ClInclude>
    <ClInclude Include="utility\MorphologicalOperation.h">
      <Filter>utility</Filter>
    </ClInclude>
    <ClInclude Include="utility\BoundaryTracking.h">
      <Filter>utility</Filter>
    </ClInclude>
    <ClInclude Include="module_RoiExtraction\IRegionSegmentation.h">
      <Filter>module_RoiExtraction</Filter>
    </ClInclude>
    <ClInclude Include="module_RoiExtraction\RegionGrowing.h">
      <Filter>module_RoiExtraction</Filter>
    </ClInclude>
    <ClInclude Include="module_PalmImageReader\IPalmReader.h">
      <Filter>module_PalmImageReader</Filter>
    </ClInclude>
    <ClInclude Include="module_PalmImageReader\PalmReaderEnrollment.h">
      <Filter>module_PalmImageReader</Filter>
    </ClInclude>
    <ClInclude Include="module_PalmImageReader\PalmReaderMatching.h">
      <Filter>module_PalmImageReader</Filter>
    </ClInclude>
    <ClInclude Include="module_Preprocessing\IPreprocessing.h">
      <Filter>module_Preprocessing</Filter>
    </ClInclude>
    <ClInclude Include="module_Preprocessing\Preprocessing.h">
      <Filter>module_Preprocessing</Filter>
    </ClInclude>
    <ClInclude Include="module_FeatureExtraction\IFeatureExtraction.h">
      <Filter>module_FeatureExtraction</Filter>
    </ClInclude>
    <ClInclude Include="module_FeatureExtraction\IFeature.h">
      <Filter>module_FeatureExtraction</Filter>
    </ClInclude>
    <ClInclude Include="module_FeatureExtraction\PrincipalLineExtraction.h">
      <Filter>module_FeatureExtraction</Filter>
    </ClInclude>
    <ClInclude Include="module_FeatureExtraction\PrincipalLineFeature.h">
      <Filter>module_FeatureExtraction</Filter>
    </ClInclude>
    <ClInclude Include="utility\Thinning.h">
      <Filter>utility</Filter>
    </ClInclude>
    <ClInclude Include="module_DatabaseAdapter\DbAdapter.h">
      <Filter>module_DatabaseAdapter</Filter>
    </ClInclude>
    <ClInclude Include="logger\Logger.h">
      <Filter>logger</Filter>
    </ClInclude>
    <ClInclude Include="module_DatabaseAdapter\JsonPoint.h">
      <Filter>module_DatabaseAdapter</Filter>
    </ClInclude>
    <ClInclude Include="json\json11.hpp">
      <Filter>json</Filter>
    </ClInclude>
    <ClInclude Include="module_RoiExtraction\OtsuTresholding.h">
      <Filter>module_RoiExtraction</Filter>
    </ClInclude>
    <ClInclude Include="module_Matcher\IMatcher.h">
      <Filter>module_Matcher</Filter>
    </ClInclude>
    <ClInclude Include="module_Matcher\PrincipalLineMatcher.h">
      <Filter>module_Matcher</Filter>
    </ClInclude>
    <ClInclude Include="module_FeatureExtraction\TextureExtraction.h">
      <Filter>module_FeatureExtraction</Filter>
    </ClInclude>
    <ClInclude Include="module_FeatureExtraction\TextureFeature.h">
      <Filter>module_FeatureExtraction</Filter>
    </ClInclude>
    <ClInclude Include="module_Matcher\TextureMatcher.h">
      <Filter>module_Matcher</Filter>
    </ClInclude>
  </ItemGroup>
</Project>